
Microsoft Visual Studio Solution File, Format Version 12.00
# Visual Studio Version 17
VisualStudioVersion = 17.3.32929.385
MinimumVisualStudioVersion = 10.0.40219.1
Project("{FAE04EC0-301F-11D3-BF4B-00C04F79EFBC}") = "Blazor", "Blazor\Blazor.csproj", "{0C951852-C990-4F63-9F18-EBE490288C94}"
EndProject
Project("{FAE04EC0-301F-11D3-BF4B-00C04F79EFBC}") = "Modelos", "Modelos\Modelos.csproj", "{B75447CD-7F6F-4319-9EEE-6FB392CEEB6A}"
EndProject
Project("{FAE04EC0-301F-11D3-BF4B-00C04F79EFBC}") = "Datos", "Datos\Datos.csproj", "{F321403D-29F5-4BB3-8B79-21B7D0F24202}"
EndProject
Global
	GlobalSection(SolutionConfigurationPlatforms) = preSolution
		Debug|Any CPU = Debug|Any CPU
		Release|Any CPU = Release|Any CPU
	EndGlobalSection
	GlobalSection(ProjectConfigurationPlatforms) = postSolution
		{0C951852-C990-4F63-9F18-EBE490288C94}.Debug|Any CPU.ActiveCfg = Debug|Any CPU
		{0C951852-C990-4F63-9F18-EBE490288C94}.Debug|Any CPU.Build.0 = Debug|Any CPU
		{0C951852-C990-4F63-9F18-EBE490288C94}.Release|Any CPU.ActiveCfg = Release|Any CPU
		{0C951852-C990-4F63-9F18-EBE490288C94}.Release|Any CPU.Build.0 = Release|Any CPU
		{B75447CD-7F6F-4319-9EEE-6FB392CEEB6A}.Debug|Any CPU.ActiveCfg = Debug|Any CPU
		{B75447CD-7F6F-4319-9EEE-6FB392CEEB6A}.Debug|Any CPU.Build.0 = Debug|Any CPU
		{B75447CD-7F6F-4319-9EEE-6FB392CEEB6A}.Release|Any CPU.ActiveCfg = Release|Any CPU
		{B75447CD-7F6F-4319-9EEE-6FB392CEEB6A}.Release|Any CPU.Build.0 = Release|Any CPU
		{F321403D-29F5-4BB3-8B79-21B7D0F24202}.Debug|Any CPU.ActiveCfg = Debug|Any CPU
		{F321403D-29F5-4BB3-8B79-21B7D0F24202}.Debug|Any CPU.Build.0 = Debug|Any CPU
		{F321403D-29F5-4BB3-8B79-21B7D0F24202}.Release|Any CPU.ActiveCfg = Release|Any CPU
		{F321403D-29F5-4BB3-8B79-21B7D0F24202}.Release|Any CPU.Build.0 = Release|Any CPU
	EndGlobalSection
	GlobalSection(SolutionProperties) = preSolution
		HideSolutionNode = FALSE
	EndGlobalSection
	GlobalSection(ExtensibilityGlobals) = postSolution
		SolutionGuid = {9D373DD3-AB87-43B7-96B8-8D57F7723145}
	EndGlobalSection
EndGlobal
